github.com/julienschmidt/httprouter v1.3.0 h1:U0609e9tgbseu3rBINet9P48AI/D3oJs4dN7jwJOQ1U=
github.com/julienschmidt/httprouter v1.3.0/go.mod h1:JR6WtHb+2LUe8TCKY3cZOxFyyO8IZAc4RVcycCCAKdM=
github.com/lib/pq v1.10.9 h1:YXG7RB+JIjhP29X+OtkiDnYaXQwpS4JEWq7dtCCRUEw=
github.com/lib/pq v1.10.9/go.mod h1:AlVN5x4E4T544tWzH6hKfbfQvm3HdbOxrmggDNAPY9o=
github.com/prataprc/goparsec v0.0.0-20211219142520-daac0e635e7e h1:7teoyCCMBovX+/L3/C2adcGNJI6Tsx6a2hbWQ8vWoO8=
github.com/prataprc/goparsec v0.0.0-20211219142520-daac0e635e7e/go.mod h1:YbpxZqbf10o5u96/iDpcfDQmbIOTX/iNCH/yBByTfaM=
golang.org/x/crypto v0.29.0 h1:L5SG1JTTXupVV3n6sUqMTeWbjAyfPwoda2DLX8J8FrQ=
golang.org/x/crypto v0.29.0/go.mod h1:+F4F4N5hv6v38hfeYwTdx20oUvLLc+QfrE9Ax9HtgRg=
